
Microsoft Visual Studio Solution File, Format Version 9.00
# Visual Studio 2005
Project("{8BC9CEB8-8B4A-11D0-8D11-00A0C91BC942}") = "gba_overlay", "gba_overlay\gba_overlay.vcproj", "{F605E165-57D5-4AB3-89F1-2EC7E5E4BDD6}"
EndProject
Global
	GlobalSection(SolutionConfigurationPlatforms) = preSolution
		Debug|Win32 = Debug|Win32
		Release|Win32 = Release|Win32
	EndGlobalSection
	GlobalSection(ProjectConfigurationPlatforms) = postSolution
		{F605E165-57D5-4AB3-89F1-2EC7E5E4BDD6}.Debug|Win32.ActiveCfg = Debug|Win32
		{F605E165-57D5-4AB3-89F1-2EC7E5E4BDD6}.Debug|Win32.Build.0 = Debug|Win32
		{F605E165-57D5-4AB3-89F1-2EC7E5E4BDD6}.Release|Win32.ActiveCfg = Release|Win32
		{F605E165-57D5-4AB3-89F1-2EC7E5E4BDD6}.Release|Win32.Build.0 = Release|Win32
	EndGlobalSection
	GlobalSection(SolutionProperties) = preSolution
		HideSolutionNode = FALSE
	EndGlobalSection
EndGlobal
